
Microsoft Visual Studio Solution File, Format Version 12.00
# Visual Studio Version 16
VisualStudioVersion = 16.0.31515.178
MinimumVisualStudioVersion = 10.0.40219.1
Project("{FAE04EC0-301F-11D3-BF4B-00C04F79EFBC}") = "formulario2", "formulario2\formulario2.csproj", "{4826919A-6A08-4754-9304-36D915048FF5}"
EndProject
Global
	GlobalSection(SolutionConfigurationPlatforms) = preSolution
		Debug|Any CPU = Debug|Any CPU
		Release|Any CPU = Release|Any CPU
	EndGlobalSection
	GlobalSection(ProjectConfigurationPlatforms) = postSolution
		{4826919A-6A08-4754-9304-36D915048FF5}.Debug|Any CPU.ActiveCfg = Debug|Any CPU
		{4826919A-6A08-4754-9304-36D915048FF5}.Debug|Any CPU.Build.0 = Debug|Any CPU
		{4826919A-6A08-4754-9304-36D915048FF5}.Release|Any CPU.ActiveCfg = Release|Any CPU
		{4826919A-6A08-4754-9304-36D915048FF5}.Release|Any CPU.Build.0 = Release|Any CPU
	EndGlobalSection
	GlobalSection(SolutionProperties) = preSolution
		HideSolutionNode = FALSE
	EndGlobalSection
	GlobalSection(ExtensibilityGlobals) = postSolution
		SolutionGuid = {EA5D274D-0D5B-42D3-8052-8E8EACA0331A}
	EndGlobalSection
EndGlobal
